
Microsoft Visual Studio Solution File, Format Version 12.00
# Visual Studio Version 17
VisualStudioVersion = 17.2.32526.322
MinimumVisualStudioVersion = 10.0.40219.1
Project("{8BC9CEB8-8B4A-11D0-8D11-00A0C91BC942}") = "672020028", "672020028.vcxproj", "{8B63B2F1-F729-4AD9-A85E-C1535F7BDF03}"
EndProject
Global
	GlobalSection(SolutionConfigurationPlatforms) = preSolution
		Debug|x64 = Debug|x64
		Debug|x86 = Debug|x86
		Release|x64 = Release|x64
		Release|x86 = Release|x86
	EndGlobalSection
	GlobalSection(ProjectConfigurationPlatforms) = postSolution
		{8B63B2F1-F729-4AD9-A85E-C1535F7BDF03}.Debug|x64.ActiveCfg = Debug|x64
		{8B63B2F1-F729-4AD9-A85E-C1535F7BDF03}.Debug|x64.Build.0 = Debug|x64
		{8B63B2F1-F729-4AD9-A85E-C1535F7BDF03}.Debug|x86.ActiveCfg = Debug|Win32
		{8B63B2F1-F729-4AD9-A85E-C1535F7BDF03}.Debug|x86.Build.0 = Debug|Win32
		{8B63B2F1-F729-4AD9-A85E-C1535F7BDF03}.Release|x64.ActiveCfg = Release|x64
		{8B63B2F1-F729-4AD9-A85E-C1535F7BDF03}.Release|x64.Build.0 = Release|x64
		{8B63B2F1-F729-4AD9-A85E-C1535F7BDF03}.Release|x86.ActiveCfg = Release|Win32
		{8B63B2F1-F729-4AD9-A85E-C1535F7BDF03}.Release|x86.Build.0 = Release|Win32
	EndGlobalSection
	GlobalSection(SolutionProperties) = preSolution
		HideSolutionNode = FALSE
	EndGlobalSection
	GlobalSection(ExtensibilityGlobals) = postSolution
		SolutionGuid = {D60CDEC2-F6BC-4201-9CC0-026836DFAF2B}
	EndGlobalSection
EndGlobal
